// !$*UTF8*$!
{
	archiveVersion = 1;
	classes = {
	};
	objectVersion = 48;
	objects = {

/* Begin PBXBuildFile section */
		9B3A9BAE1FAB4F8F00505DE0 /* AppDelegate.swift in Sources */ = {isa = PBXBuildFile; fileRef = 9B3A9BAD1FAB4F8F00505DE0 /* AppDelegate.swift */; };
		9B3A9BB01FAB4F8F00505DE0 /* ViewController.swift in Sources */ = {isa = PBXBuildFile; fileRef = 9B3A9BAF1FAB4F8F00505DE0 /* ViewController.swift */; };
		9B3A9BB31FAB4F8F00505DE0 /* Main.storyboard in Resources */ = {isa = PBXBuildFile; fileRef = 9B3A9BB11FAB4F8F00505DE0 /* Main.storyboard */; };
		9B3A9BB51FAB4F8F00505DE0 /* Assets.xcassets in Resources */ = {isa = PBXBuildFile; fileRef = 9B3A9BB41FAB4F8F00505DE0 /* Assets.xcassets */; };
		9B3A9BB81FAB4F8F00505DE0 /* LaunchScreen.storyboard in Resources */ = {isa = PBXBuildFile; fileRef = 9B3A9BB61FAB4F8F00505DE0 /* LaunchScreen.storyboard */; };
		9BE546C81FAB65C3007F23AB /* Styles.swift in Sources */ = {isa = PBXBuildFile; fileRef = 9BE546C71FAB65C3007F23AB /* Styles.swift */; };
		BF49FC741FB135BA00FE1CA0 /* SaveLoadMenager.swift in Sources */ = {isa = PBXBuildFile; fileRef = BF49FC731FB135BA00FE1CA0 /* SaveLoadMenager.swift */; };
		BFD42FC91FAC33AF002C4DE1 /* ViewController2.swift in Sources */ = {isa = PBXBuildFile; fileRef = BFD42FC81FAC33AF002C4DE1 /* ViewController2.swift */; };
/* End PBXBuildFile section */

/* Begin PBXFileReference section */
		9B3A9BAA1FAB4F8F00505DE0 /* Recto-Verso.app */ = {isa = PBXFileReference; explicitFileType = wrapper.application; includeInIndex = 0; path = "Recto-Verso.app"; sourceTree = BUILT_PRODUCTS_DIR; };
		9B3A9BAD1FAB4F8F00505DE0 /* AppDelegate.swift */ = {isa = PBXFileReference; lastKnownFileType = sourcecode.swift; path = AppDelegate.swift; sourceTree = "<group>"; };
		9B3A9BAF1FAB4F8F00505DE0 /* ViewController.swift */ = {isa = PBXFileReference; lastKnownFileType = sourcecode.swift; path = ViewController.swift; sourceTree = "<group>"; };
		9B3A9BB21FAB4F8F00505DE0 /* Base */ = {isa = PBXFileReference; lastKnownFileType = file.storyboard; name = Base; path = Base.lproj/Main.storyboard; sourceTree = "<group>"; };
		9B3A9BB41FAB4F8F00505DE0 /* Assets.xcassets */ = {isa = PBXFileReference; lastKnownFileType = folder.assetcatalog; path = Assets.xcassets; sourceTree = "<group>"; };
		9B3A9BB71FAB4F8F00505DE0 /* Base */ = {isa = PBXFileReference; lastKnownFileType = file.storyboard; name = Base; path = Base.lproj/LaunchScreen.storyboard; sourceTree = "<group>"; };
		9B3A9BB91FAB4F8F00505DE0 /* Info.plist */ = {isa = PBXFileReference; lastKnownFileType = text.plist.xml; path = Info.plist; sourceTree = "<group>"; };
		9BE546C71FAB65C3007F23AB /* Styles.swift */ = {isa = PBXFileReference; lastKnownFileType = sourcecode.swift; path = Styles.swift; sourceTree = "<group>"; };
		BF49FC731FB135BA00FE1CA0 /* SaveLoadMenager.swift */ = {isa = PBXFileReference; lastKnownFileType = sourcecode.swift; path = SaveLoadMenager.swift; sourceTree = "<group>"; };
		BFD42FC81FAC33AF002C4DE1 /* ViewController2.swift */ = {isa = PBXFileReference; lastKnownFileType = sourcecode.swift; path = ViewController2.swift; sourceTree = "<group>"; };
/* End PBXFileReference section */

/* Begin PBXFrameworksBuildPhase section */
		9B3A9BA71FAB4F8F00505DE0 /* Frameworks */ = {
			isa = PBXFrameworksBuildPhase;
			buildActionMask = 2147483647;
			files = (
			);
			runOnlyForDeploymentPostprocessing = 0;
		};
/* End PBXFrameworksBuildPhase section */

/* Begin PBXGroup section */
		9B3A9BA11FAB4F8F00505DE0 = {
			isa = PBXGroup;
			children = (
				9B3A9BAC1FAB4F8F00505DE0 /* Recto-Verso */,
				9B3A9BAB1FAB4F8F00505DE0 /* Products */,
			);
			sourceTree = "<group>";
		};
		9B3A9BAB1FAB4F8F00505DE0 /* Products */ = {
			isa = PBXGroup;
			children = (
				9B3A9BAA1FAB4F8F00505DE0 /* Recto-Verso.app */,
			);
			name = Products;
			sourceTree = "<group>";
		};
		9B3A9BAC1FAB4F8F00505DE0 /* Recto-Verso */ = {
			isa = PBXGroup;
			children = (
				BF49FC731FB135BA00FE1CA0 /* SaveLoadMenager.swift */,
				9B3A9BAD1FAB4F8F00505DE0 /* AppDelegate.swift */,
				9B3A9BAF1FAB4F8F00505DE0 /* ViewController.swift */,
				BFD42FC81FAC33AF002C4DE1 /* ViewController2.swift */,
				9BE546C71FAB65C3007F23AB /* Styles.swift */,
				9B3A9BB11FAB4F8F00505DE0 /* Main.storyboard */,
				9B3A9BB41FAB4F8F00505DE0 /* Assets.xcassets */,
				9B3A9BB91FAB4F8F00505DE0 /* Info.plist */,
				9B3A9BB61FAB4F8F00505DE0 /* LaunchScreen.storyboard */,
			);
			path = "Recto-Verso";
			sourceTree = "<group>";
		};
/* End PBXGroup section */

/* Begin PBXNativeTarget section */
		9B3A9BA91FAB4F8F00505DE0 /* Recto-Verso */ = {
			isa = PBXNativeTarget;
			buildConfigurationList = 9B3A9BBC1FAB4F8F00505DE0 /* Build configuration list for PBXNativeTarget "Recto-Verso" */;
			buildPhases = (
				9B3A9BA61FAB4F8F00505DE0 /* Sources */,
				9B3A9BA71FAB4F8F00505DE0 /* Frameworks */,
				9B3A9BA81FAB4F8F00505DE0 /* Resources */,
			);
			buildRules = (
			);
			dependencies = (
			);
			name = "Recto-Verso";
			productName = "Recto-Verso";
			productReference = 9B3A9BAA1FAB4F8F00505DE0 /* Recto-Verso.app */;
			productType = "com.apple.product-type.application";
		};
/* End PBXNativeTarget section */

/* Begin PBXProject section */
		9B3A9BA21FAB4F8F00505DE0 /* Project object */ = {
			isa = PBXProject;
			attributes = {
				LastSwiftUpdateCheck = 0900;
				LastUpgradeCheck = 0900;
				ORGANIZATIONNAME = "Reverso-Softissimo";
				TargetAttributes = {
					9B3A9BA91FAB4F8F00505DE0 = {
						CreatedOnToolsVersion = 9.0.1;
						ProvisioningStyle = Automatic;
					};
				};
			};
			buildConfigurationList = 9B3A9BA51FAB4F8F00505DE0 /* Build configuration list for PBXProject "Recto-Verso" */;
			compatibilityVersion = "Xcode 8.0";
			developmentRegion = en;
			hasScannedForEncodings = 0;
			knownRegions = (
				en,
				Base,
			);
			mainGroup = 9B3A9BA11FAB4F8F00505DE0;
			productRefGroup = 9B3A9BAB1FAB4F8F00505DE0 /* Products */;
			projectDirPath = "";
			projectRoot = "";
			targets = (
				9B3A9BA91FAB4F8F00505DE0 /* Recto-Verso */,
			);
		};
/* End PBXProject section */

/* Begin PBXResourcesBuildPhase section */
		9B3A9BA81FAB4F8F00505DE0 /* Resources */ = {
			isa = PBXResourcesBuildPhase;
			buildActionMask = 2147483647;
			files = (
				9B3A9BB81FAB4F8F00505DE0 /* LaunchScreen.storyboard in Resources */,
				9B3A9BB51FAB4F8F00505DE0 /* Assets.xcassets in Resources */,
				9B3A9BB31FAB4F8F00505DE0 /* Main.storyboard in Resources */,
			);
			runOnlyForDeploymentPostprocessing = 0;
		};
/* End PBXResourcesBuildPhase section */

/* Begin PBXSourcesBuildPhase section */
		9B3A9BA61FAB4F8F00505DE0 /* Sources */ = {
			isa = PBXSourcesBuildPhase;
			buildActionMask = 2147483647;
			files = (
				BF49FC741FB135BA00FE1CA0 /* SaveLoadMenager.swift in Sources */,
				9BE546C81FAB65C3007F23AB /* Styles.swift in Sources */,
				BFD42FC91FAC33AF002C4DE1 /* ViewController2.swift in Sources */,
				9B3A9BB01FAB4F8F00505DE0 /* ViewController.swift in Sources */,
				9B3A9BAE1FAB4F8F00505DE0 /* AppDelegate.swift in Sources */,
			);
			runOnlyForDeploymentPostprocessing = 0;
		};
/* End PBXSourcesBuildPhase section */

/* Begin PBXVariantGroup section */
		9B3A9BB11FAB4F8F00505DE0 /* Main.storyboard */ = {
			isa = PBXVariantGroup;
			children = (
				9B3A9BB21FAB4F8F00505DE0 /* Base */,
			);
			name = Main.storyboard;
			sourceTree = "<group>";
		};
		9B3A9BB61FAB4F8F00505DE0 /* LaunchScreen.storyboard */ = {
			isa = PBXVariantGroup;
			children = (
				9B3A9BB71FAB4F8F00505DE0 /* Base */,
			);
			name = LaunchScreen.storyboard;
			sourceTree = "<group>";
		};
/* End PBXVariantGroup section */

/* Begin XCBuildConfiguration section */
		9B3A9BBA1FAB4F8F00505DE0 /* Debug */ = {
			isa = XCBuildConfiguration;
			buildSettings = {
				ALWAYS_SEARCH_USER_PATHS = NO;
				CLANG_ANALYZER_NONNULL = YES;
				CLANG_ANALYZER_NUMBER_OBJECT_CONVERSION = YES_AGGRESSIVE;
				CLANG_CXX_LANGUAGE_STANDARD = "gnu++14";
				CLANG_CXX_LIBRARY = "libc++";
				CLANG_ENABLE_MODULES = YES;
				CLANG_ENABLE_OBJC_ARC = YES;
				CLANG_WARN_BLOCK_CAPTURE_AUTORELEASING = YES;
				CLANG_WARN_BOOL_CONVERSION = YES;
				CLANG_WARN_COMMA = YES;
				CLANG_WARN_CONSTANT_CONVERSION = YES;
				CLANG_WARN_DIRECT_OBJC_ISA_USAGE = YES_ERROR;
				CLANG_WARN_DOCUMENTATION_COMMENTS = YES;
				CLANG_WARN_EMPTY_BODY = YES;
				CLANG_WARN_ENUM_CONVERSION = YES;
				CLANG_WARN_INFINITE_RECURSION = YES;
				CLANG_WARN_INT_CONVERSION = YES;
				CLANG_WARN_NON_LITERAL_NULL_CONVERSION = YES;
				CLANG_WARN_OBJC_LITERAL_CONVERSION = YES;
				CLANG_WARN_OBJC_ROOT_CLASS = YES_ERROR;
				CLANG_WARN_RANGE_LOOP_ANALYSIS = YES;
				CLANG_WARN_STRICT_PROTOTYPES = YES;
				CLANG_WARN_SUSPICIOUS_MOVE = YES;
				CLANG_WARN_UNGUARDED_AVAILABILITY = YES_AGGRESSIVE;
				CLANG_WARN_UNREACHABLE_CODE = YES;
				CLANG_WARN__DUPLICATE_METHOD_MATCH = YES;
				CODE_SIGN_IDENTITY = "iPhone Developer";
				COPY_PHASE_STRIP = NO;
				DEBUG_INFORMATION_FORMAT = dwarf;
				ENABLE_STRICT_OBJC_MSGSEND = YES;
				ENABLE_TESTABILITY = YES;
				GCC_C_LANGUAGE_STANDARD = gnu11;
				GCC_DYNAMIC_NO_PIC = NO;
				GCC_NO_COMMON_BLOCKS = YES;
				GCC_OPTIMIZATION_LEVEL = 0;
				GCC_PREPROCESSOR_DEFINITIONS = (
					"DEBUG=1",
					"$(inherited)",
				);
				GCC_WARN_64_TO_32_BIT_CONVERSION = YES;
				GCC_WARN_ABOUT_RETURN_TYPE = YES_ERROR;
				GCC_WARN_UNDECLARED_SELECTOR = YES;
				GCC_WARN_UNINITIALIZED_AUTOS = YES_AGGRESSIVE;
				GCC_WARN_UNUSED_FUNCTION = YES;
				GCC_WARN_UNUSED_VARIABLE = YES;
				IPHONEOS_DEPLOYMENT_TARGET = 11.0;
				MTL_ENABLE_DEBUG_INFO = YES;
				ONLY_ACTIVE_ARCH = YES;
				SDKROOT = iphoneos;
				SWIFT_ACTIVE_COMPILATION_CONDITIONS = DEBUG;
				SWIFT_OPTIMIZATION_LEVEL = "-Onone";
			};
			name = Debug;
		};
		9B3A9BBB1FAB4F8F00505DE0 /* Release */ = {
			isa = XCBuildConfiguration;
			buildSettings = {
				ALWAYS_SEARCH_USER_PATHS = NO;
				CLANG_ANALYZER_NONNULL = YES;
				CLANG_ANALYZER_NUMBER_OBJECT_CONVERSION = YES_AGGRESSIVE;
				CLANG_CXX_LANGUAGE_STANDARD = "gnu++14";
				CLANG_CXX_LIBRARY = "libc++";
				CLANG_ENABLE_MODULES = YES;
				CLANG_ENABLE_OBJC_ARC = YES;
				CLANG_WARN_BLOCK_CAPTURE_AUTORELEASING = YES;
				CLANG_WARN_BOOL_CONVERSION = YES;
				CLANG_WARN_COMMA = YES;
				CLANG_WARN_CONSTANT_CONVERSION = YES;
				CLANG_WARN_DIRECT_OBJC_ISA_USAGE = YES_ERROR;
				CLANG_WARN_DOCUMENTATION_COMMENTS = YES;
				CLANG_WARN_EMPTY_BODY = YES;
				CLANG_WARN_ENUM_CONVERSION = YES;
				CLANG_WARN_INFINITE_RECURSION = YES;
				CLANG_WARN_INT_CONVERSION = YES;
				CLANG_WARN_NON_LITERAL_NULL_CONVERSION = YES;
				CLANG_WARN_OBJC_LITERAL_CONVERSION = YES;
				CLANG_WARN_OBJC_ROOT_CLASS = YES_ERROR;
				CLANG_WARN_RANGE_LOOP_ANALYSIS = YES;
				CLANG_WARN_STRICT_PROTOTYPES = YES;
				CLANG_WARN_SUSPICIOUS_MOVE = YES;
				CLANG_WARN_UNGUARDED_AVAILABILITY = YES_AGGRESSIVE;
				CLANG_WARN_UNREACHABLE_CODE = YES;
				CLANG_WARN__DUPLICATE_METHOD_MATCH = YES;
				CODE_SIGN_IDENTITY = "iPhone Developer";
				COPY_PHASE_STRIP = NO;
				DEBUG_INFORMATION_FORMAT = "dwarf-with-dsym";
				ENABLE_NS_ASSERTIONS = NO;
				ENABLE_STRICT_OBJC_MSGSEND = YES;
				GCC_C_LANGUAGE_STANDARD = gnu11;
				GCC_NO_COMMON_BLOCKS = YES;
				GCC_WARN_64_TO_32_BIT_CONVERSION = YES;
				GCC_WARN_ABOUT_RETURN_TYPE = YES_ERROR;
				GCC_WARN_UNDECLARED_SELECTOR = YES;
				GCC_WARN_UNINITIALIZED_AUTOS = YES_AGGRESSIVE;
				GCC_WARN_UNUSED_FUNCTION = YES;
				GCC_WARN_UNUSED_VARIABLE = YES;
				IPHONEOS_DEPLOYMENT_TARGET = 11.0;
				MTL_ENABLE_DEBUG_INFO = NO;
				SDKROOT = iphoneos;
				SWIFT_OPTIMIZATION_LEVEL = "-Owholemodule";
				VALIDATE_PRODUCT = YES;
			};
			name = Release;
		};
		9B3A9BBD1FAB4F8F00505DE0 /* Debug */ = {
			isa = XCBuildConfiguration;
			buildSettings = {
				ASSETCATALOG_COMPILER_APPICON_NAME = AppIcon;
				CODE_SIGN_STYLE = Automatic;
				INFOPLIST_FILE = "Recto-Verso/Info.plist";
				LD_RUNPATH_SEARCH_PATHS = "$(inherited) @executable_path/Frameworks";
				PRODUCT_BUNDLE_IDENTIFIER = "com.gomes.Recto-Verso";
				PRODUCT_NAME = "$(TARGET_NAME)";
				SWIFT_VERSION = 4.0;
				TARGETED_DEVICE_FAMILY = "1,2";
			};
			name = Debug;
		};
		9B3A9BBE1FAB4F8F00505DE0 /* Release */ = {
			isa = XCBuildConfiguration;
			buildSettings = {
				ASSETCATALOG_COMPILER_APPICON_NAME = AppIcon;
				CODE_SIGN_STYLE = Automatic;
				INFOPLIST_FILE = "Recto-Verso/Info.plist";
				LD_RUNPATH_SEARCH_PATHS = "$(inherited) @executable_path/Frameworks";
				PRODUCT_BUNDLE_IDENTIFIER = "com.gomes.Recto-Verso";
				PRODUCT_NAME = "$(TARGET_NAME)";
				SWIFT_VERSION = 4.0;
				TARGETED_DEVICE_FAMILY = "1,2";
			};
			name = Release;
		};
/* End XCBuildConfiguration section */

/* Begin XCConfigurationList section */
		9B3A9BA51FAB4F8F00505DE0 /* Build configuration list for PBXProject "Recto-Verso" */ = {
			isa = XCConfigurationList;
			buildConfigurations = (
				9B3A9BBA1FAB4F8F00505DE0 /* Debug */,
				9B3A9BBB1FAB4F8F00505DE0 /* Release */,
			);
			defaultConfigurationIsVisible = 0;
			defaultConfigurationName = Release;
		};
		9B3A9BBC1FAB4F8F00505DE0 /* Build configuration list for PBXNativeTarget "Recto-Verso" */ = {
			isa = XCConfigurationList;
			buildConfigurations = (
				9B3A9BBD1FAB4F8F00505DE0 /* Debug */,
				9B3A9BBE1FAB4F8F00505DE0 /* Release */,
			);
			defaultConfigurationIsVisible = 0;
			defaultConfigurationName = Release;
		};
/* End XCConfigurationList section */
	};
	rootObject = 9B3A9BA21FAB4F8F00505DE0 /* Project object */;
}
